
Microsoft Visual Studio Solution File, Format Version 12.00
# Visual Studio Version 16
VisualStudioVersion = 16.0.29728.190
MinimumVisualStudioVersion = 10.0.40219.1
Project("{8BC9CEB8-8B4A-11D0-8D11-00A0C91BC942}") = "1463_1로 만들기", "1463_1로 만들기\1463_1로 만들기.vcxproj", "{368FEED2-22AF-4B05-8FBC-0F9B9834B782}"
EndProject
Project("{8BC9CEB8-8B4A-11D0-8D11-00A0C91BC942}") = "11726_2 X n 타일링", "11726_2 X n 타일링\11726_2 X n 타일링.vcxproj", "{D61152DB-D74F-424C-A38C-0B2CCBF95758}"
EndProject
Project("{8BC9CEB8-8B4A-11D0-8D11-00A0C91BC942}") = "11727_2 X n 타일링 2", "11727_2 X n 타일링 2\2 X n 타일링 2.vcxproj", "{72EE28B5-FC65-48C4-9763-77951C8EA027}"
EndProject
Project("{8BC9CEB8-8B4A-11D0-8D11-00A0C91BC942}") = "9095_1, 2, 3 더하기", "9095_1, 2, 3 더하기\9095_1, 2, 3 더하기.vcxproj", "{C41E3A8B-4D3B-43C4-B02F-83BD48434CE8}"
EndProject
Project("{8BC9CEB8-8B4A-11D0-8D11-00A0C91BC942}") = "11052_카드 구매하기", "11052_카드 구매하기\11052_카드 구매하기.vcxproj", "{D2FE115C-EA60-4777-B07A-490385032D3A}"
EndProject
Project("{8BC9CEB8-8B4A-11D0-8D11-00A0C91BC942}") = "16194_카드 구매하기 2", "16194_카드 구매하기 2\16194_카드 구매하기 2.vcxproj", "{EE713122-5852-427E-B46C-94EB9EF006B5}"
EndProject
Project("{8BC9CEB8-8B4A-11D0-8D11-00A0C91BC942}") = "15990_1, 2, 3 더하기 5", "15990_1, 2, 3 더하기 5\15990_1, 2, 3 더하기 5.vcxproj", "{1EAA464C-4103-46A4-8EC6-E2BBF5909375}"
EndProject
Project("{8BC9CEB8-8B4A-11D0-8D11-00A0C91BC942}") = "10844_쉬운 계단 수", "10844_쉬운 계단 수\10844_쉬운 계단 수.vcxproj", "{FA56477B-640D-4F6E-A665-C62B567AEAAD}"
EndProject
Project("{8BC9CEB8-8B4A-11D0-8D11-00A0C91BC942}") = "2193_이친수", "2193_이친수\2193_이친수.vcxproj", "{1D3AA44B-DD8E-4CF1-8B64-AEF8909AB06C}"
EndProject
Project("{8BC9CEB8-8B4A-11D0-8D11-00A0C91BC942}") = "11053_가장 긴 증가하는 부분 수열", "11053_가장 긴 증가하는 부분 수열\11053_가장 긴 증가하는 부분 수열.vcxproj", "{701C3EFA-3130-429B-9299-184CA6637542}"
EndProject
Project("{8BC9CEB8-8B4A-11D0-8D11-00A0C91BC942}") = "14002_가장 긴 증가하는 부분 수열 4", "14002_가장 긴 증가하는 부분 수열 4\14002_가장 긴 증가하는 부분 수열 4.vcxproj", "{BEBDDE34-8591-46B7-BF6A-2E8AB3D56DEB}"
EndProject
Project("{8BC9CEB8-8B4A-11D0-8D11-00A0C91BC942}") = "1912_연속합", "1912_연속합\1912_연속합.vcxproj", "{73504899-0A49-4A03-BD2B-4A1BDB9D79B2}"
EndProject
Project("{8BC9CEB8-8B4A-11D0-8D11-00A0C91BC942}") = "1699_제곱수의 합", "1699_제곱수의 합\1699_제곱수의 합.vcxproj", "{85B3D5BF-FFEC-4280-ACA3-E5A3DC5B6ABF}"
EndProject
Project("{8BC9CEB8-8B4A-11D0-8D11-00A0C91BC942}") = "2225_합분해", "2225_합분해\2225_합분해.vcxproj", "{42D9C356-E9D8-429C-B3D5-31CCECFC54EF}"
EndProject
Project("{8BC9CEB8-8B4A-11D0-8D11-00A0C91BC942}") = "11054_가장 긴 바이토닉 부분 수열", "11054_가장 긴 바이토닉 부분 수열\11054_가장 긴 바이토닉 부분 수열.vcxproj", "{C734B27A-38BD-47D5-9C68-8B1074EE46CC}"
EndProject
Project("{8BC9CEB8-8B4A-11D0-8D11-00A0C91BC942}") = "12865_평범한 배낭", "12865_평범한 배낭\12865_평범한 배낭.vcxproj", "{92253EE1-615E-4A29-BC16-1D87BDCB1C08}"
EndProject
Project("{8BC9CEB8-8B4A-11D0-8D11-00A0C91BC942}") = "11051_이항 계수 2", "11051_이항 계수 2\11051_이항 계수 2.vcxproj", "{E0B15C2C-CEF6-4024-91A7-DF17D5175DF2}"
EndProject
Project("{8BC9CEB8-8B4A-11D0-8D11-00A0C91BC942}") = "15988_1, 2, 3 더하기 3", "15988_1, 2, 3 더하기 3\15988_1, 2, 3 더하기 3.vcxproj", "{17A84639-51F3-4374-B2C2-0977CA87499D}"
EndProject
Project("{8BC9CEB8-8B4A-11D0-8D11-00A0C91BC942}") = "1149_RGB거리", "1149_RGB거리\1149_RGB거리.vcxproj", "{8A57C730-2027-4542-934E-4A60F76AFDBA}"
EndProject
Project("{8BC9CEB8-8B4A-11D0-8D11-00A0C91BC942}") = "1309_동물원", "1309_동물원\1309_동물원.vcxproj", "{F6E915A1-1A0C-405A-BDD5-7A5788691354}"
EndProject
Project("{8BC9CEB8-8B4A-11D0-8D11-00A0C91BC942}") = "11057_오르막 수", "11057_오르막 수\11057_오르막 수.vcxproj", "{169D2514-AE23-481F-8D72-481B4A3A89A5}"
EndProject
Project("{8BC9CEB8-8B4A-11D0-8D11-00A0C91BC942}") = "9465_스티커", "9465_스티커\9465_스티커.vcxproj", "{FAF8AAAE-01C3-447A-8275-CD04D5EB0608}"
EndProject
Project("{8BC9CEB8-8B4A-11D0-8D11-00A0C91BC942}") = "2156_포도주 시식", "2156_포도주 시식\2156_포도주 시식.vcxproj", "{5F1F3838-C64F-434A-8973-9BB7B310118A}"
EndProject
Project("{8BC9CEB8-8B4A-11D0-8D11-00A0C91BC942}") = "1932_정수 삼각형", "1932_정수 삼각형\1932_정수 삼각형.vcxproj", "{AD31F856-EA2B-4B7C-AFAA-EC82C4FB1FAA}"
EndProject
Project("{8BC9CEB8-8B4A-11D0-8D11-00A0C91BC942}") = "11055_가장 큰 증가 부분 수열", "11055_가장 큰 증가 부분 수열\11055_가장 큰 증가 부분 수열.vcxproj", "{2E4F7D7A-F0DB-45EA-B792-0E04104D5584}"
EndProject
Project("{8BC9CEB8-8B4A-11D0-8D11-00A0C91BC942}") = "11722_가장 긴 감소하는 부분 수열", "11722_가장 긴 감소하는 부분 수열\11722_가장 긴 감소하는 부분 수열.vcxproj", "{6E62BC1F-DC02-462A-97E1-5BA4AA2BF2D9}"
EndProject
Project("{8BC9CEB8-8B4A-11D0-8D11-00A0C91BC942}") = "13398_연속합 2", "13398_연속합 2\13398_연속합 2.vcxproj", "{ACEEA99E-FF98-486A-8B70-353D17FC8154}"
EndProject
Project("{8BC9CEB8-8B4A-11D0-8D11-00A0C91BC942}") = "2133_타일 채우기", "2133_타일 채우기\2133_타일 채우기.vcxproj", "{9EE184C1-2A98-4E74-83A2-FC10EB66AC5F}"
EndProject
Project("{8BC9CEB8-8B4A-11D0-8D11-00A0C91BC942}") = "17404_RGB거리 2", "17404_RGB거리 2\17404_RGB거리 2.vcxproj", "{CD88A856-5562-4389-A29E-E81B6E56391F}"
EndProject
Project("{8BC9CEB8-8B4A-11D0-8D11-00A0C91BC942}") = "9251_LCS", "9251_LCS\9251_LCS.vcxproj", "{F9A59F31-8FAF-4FBD-A035-F7F13B85B405}"
EndProject
Project("{8BC9CEB8-8B4A-11D0-8D11-00A0C91BC942}") = "1010_다리 놓기", "1010_다리 놓기\1010_다리 놓기.vcxproj", "{30768FF7-B1F6-493D-A8DB-D53AE67E3721}"
EndProject
Project("{8BC9CEB8-8B4A-11D0-8D11-00A0C91BC942}") = "2293_동전 1", "2293_동전 1\2293_동전 1.vcxproj", "{0F602B23-AB31-4C43-AC4D-A4C6E03D6B0A}"
EndProject
Project("{8BC9CEB8-8B4A-11D0-8D11-00A0C91BC942}") = "2167_2차원 배열의 합", "2167_2차원 배열의 합\2167_2차원 배열의 합.vcxproj", "{1F748EEA-77E8-4787-9C8C-CE0AC981BEB7}"
EndProject
Project("{8BC9CEB8-8B4A-11D0-8D11-00A0C91BC942}") = "11048_이동하기", "11048_이동하기\11048_이동하기.vcxproj", "{04C08A05-6969-43A5-992E-7826E8622DD6}"
EndProject
Project("{8BC9CEB8-8B4A-11D0-8D11-00A0C91BC942}") = "2011_암호코드", "2011_암호코드\2011_암호코드.vcxproj", "{69DE9B0B-8559-4337-9CA8-5A6CDCD70E9F}"
EndProject
Global
	GlobalSection(SolutionConfigurationPlatforms) = preSolution
		Debug|x64 = Debug|x64
		Debug|x86 = Debug|x86
		Release|x64 = Release|x64
		Release|x86 = Release|x86
	EndGlobalSection
	GlobalSection(ProjectConfigurationPlatforms) = postSolution
		{368FEED2-22AF-4B05-8FBC-0F9B9834B782}.Debug|x64.ActiveCfg = Debug|x64
		{368FEED2-22AF-4B05-8FBC-0F9B9834B782}.Debug|x64.Build.0 = Debug|x64
		{368FEED2-22AF-4B05-8FBC-0F9B9834B782}.Debug|x86.ActiveCfg = Debug|Win32
		{368FEED2-22AF-4B05-8FBC-0F9B9834B782}.Debug|x86.Build.0 = Debug|Win32
		{368FEED2-22AF-4B05-8FBC-0F9B9834B782}.Release|x64.ActiveCfg = Release|x64
		{368FEED2-22AF-4B05-8FBC-0F9B9834B782}.Release|x64.Build.0 = Release|x64
		{368FEED2-22AF-4B05-8FBC-0F9B9834B782}.Release|x86.ActiveCfg = Release|Win32
		{368FEED2-22AF-4B05-8FBC-0F9B9834B782}.Release|x86.Build.0 = Release|Win32
		{D61152DB-D74F-424C-A38C-0B2CCBF95758}.Debug|x64.ActiveCfg = Debug|x64
		{D61152DB-D74F-424C-A38C-0B2CCBF95758}.Debug|x64.Build.0 = Debug|x64
		{D61152DB-D74F-424C-A38C-0B2CCBF95758}.Debug|x86.ActiveCfg = Debug|Win32
		{D61152DB-D74F-424C-A38C-0B2CCBF95758}.Debug|x86.Build.0 = Debug|Win32
		{D61152DB-D74F-424C-A38C-0B2CCBF95758}.Release|x64.ActiveCfg = Release|x64
		{D61152DB-D74F-424C-A38C-0B2CCBF95758}.Release|x64.Build.0 = Release|x64
		{D61152DB-D74F-424C-A38C-0B2CCBF95758}.Release|x86.ActiveCfg = Release|Win32
		{D61152DB-D74F-424C-A38C-0B2CCBF95758}.Release|x86.Build.0 = Release|Win32
		{72EE28B5-FC65-48C4-9763-77951C8EA027}.Debug|x64.ActiveCfg = Debug|x64
		{72EE28B5-FC65-48C4-9763-77951C8EA027}.Debug|x64.Build.0 = Debug|x64
		{72EE28B5-FC65-48C4-9763-77951C8EA027}.Debug|x86.ActiveCfg = Debug|Win32
		{72EE28B5-FC65-48C4-9763-77951C8EA027}.Debug|x86.Build.0 = Debug|Win32
		{72EE28B5-FC65-48C4-9763-77951C8EA027}.Release|x64.ActiveCfg = Release|x64
		{72EE28B5-FC65-48C4-9763-77951C8EA027}.Release|x64.Build.0 = Release|x64
		{72EE28B5-FC65-48C4-9763-77951C8EA027}.Release|x86.ActiveCfg = Release|Win32
		{72EE28B5-FC65-48C4-9763-77951C8EA027}.Release|x86.Build.0 = Release|Win32
		{C41E3A8B-4D3B-43C4-B02F-83BD48434CE8}.Debug|x64.ActiveCfg = Debug|x64
		{C41E3A8B-4D3B-43C4-B02F-83BD48434CE8}.Debug|x64.Build.0 = Debug|x64
		{C41E3A8B-4D3B-43C4-B02F-83BD48434CE8}.Debug|x86.ActiveCfg = Debug|Win32
		{C41E3A8B-4D3B-43C4-B02F-83BD48434CE8}.Debug|x86.Build.0 = Debug|Win32
		{C41E3A8B-4D3B-43C4-B02F-83BD48434CE8}.Release|x64.ActiveCfg = Release|x64
		{C41E3A8B-4D3B-43C4-B02F-83BD48434CE8}.Release|x64.Build.0 = Release|x64
		{C41E3A8B-4D3B-43C4-B02F-83BD48434CE8}.Release|x86.ActiveCfg = Release|Win32
		{C41E3A8B-4D3B-43C4-B02F-83BD48434CE8}.Release|x86.Build.0 = Release|Win32
		{D2FE115C-EA60-4777-B07A-490385032D3A}.Debug|x64.ActiveCfg = Debug|x64
		{D2FE115C-EA60-4777-B07A-490385032D3A}.Debug|x64.Build.0 = Debug|x64
		{D2FE115C-EA60-4777-B07A-490385032D3A}.Debug|x86.ActiveCfg = Debug|Win32
		{D2FE115C-EA60-4777-B07A-490385032D3A}.Debug|x86.Build.0 = Debug|Win32
		{D2FE115C-EA60-4777-B07A-490385032D3A}.Release|x64.ActiveCfg = Release|x64
		{D2FE115C-EA60-4777-B07A-490385032D3A}.Release|x64.Build.0 = Release|x64
		{D2FE115C-EA60-4777-B07A-490385032D3A}.Release|x86.ActiveCfg = Release|Win32
		{D2FE115C-EA60-4777-B07A-490385032D3A}.Release|x86.Build.0 = Release|Win32
		{EE713122-5852-427E-B46C-94EB9EF006B5}.Debug|x64.ActiveCfg = Debug|x64
		{EE713122-5852-427E-B46C-94EB9EF006B5}.Debug|x64.Build.0 = Debug|x64
		{EE713122-5852-427E-B46C-94EB9EF006B5}.Debug|x86.ActiveCfg = Debug|Win32
		{EE713122-5852-427E-B46C-94EB9EF006B5}.Debug|x86.Build.0 = Debug|Win32
		{EE713122-5852-427E-B46C-94EB9EF006B5}.Release|x64.ActiveCfg = Release|x64
		{EE713122-5852-427E-B46C-94EB9EF006B5}.Release|x64.Build.0 = Release|x64
		{EE713122-5852-427E-B46C-94EB9EF006B5}.Release|x86.ActiveCfg = Release|Win32
		{EE713122-5852-427E-B46C-94EB9EF006B5}.Release|x86.Build.0 = Release|Win32
		{1EAA464C-4103-46A4-8EC6-E2BBF5909375}.Debug|x64.ActiveCfg = Debug|x64
		{1EAA464C-4103-46A4-8EC6-E2BBF5909375}.Debug|x64.Build.0 = Debug|x64
		{1EAA464C-4103-46A4-8EC6-E2BBF5909375}.Debug|x86.ActiveCfg = Debug|Win32
		{1EAA464C-4103-46A4-8EC6-E2BBF5909375}.Debug|x86.Build.0 = Debug|Win32
		{1EAA464C-4103-46A4-8EC6-E2BBF5909375}.Release|x64.ActiveCfg = Release|x64
		{1EAA464C-4103-46A4-8EC6-E2BBF5909375}.Release|x64.Build.0 = Release|x64
		{1EAA464C-4103-46A4-8EC6-E2BBF5909375}.Release|x86.ActiveCfg = Release|Win32
		{1EAA464C-4103-46A4-8EC6-E2BBF5909375}.Release|x86.Build.0 = Release|Win32
		{FA56477B-640D-4F6E-A665-C62B567AEAAD}.Debug|x64.ActiveCfg = Debug|x64
		{FA56477B-640D-4F6E-A665-C62B567AEAAD}.Debug|x64.Build.0 = Debug|x64
		{FA56477B-640D-4F6E-A665-C62B567AEAAD}.Debug|x86.ActiveCfg = Debug|Win32
		{FA56477B-640D-4F6E-A665-C62B567AEAAD}.Debug|x86.Build.0 = Debug|Win32
		{FA56477B-640D-4F6E-A665-C62B567AEAAD}.Release|x64.ActiveCfg = Release|x64
		{FA56477B-640D-4F6E-A665-C62B567AEAAD}.Release|x64.Build.0 = Release|x64
		{FA56477B-640D-4F6E-A665-C62B567AEAAD}.Release|x86.ActiveCfg = Release|Win32
		{FA56477B-640D-4F6E-A665-C62B567AEAAD}.Release|x86.Build.0 = Release|Win32
		{1D3AA44B-DD8E-4CF1-8B64-AEF8909AB06C}.Debug|x64.ActiveCfg = Debug|x64
		{1D3AA44B-DD8E-4CF1-8B64-AEF8909AB06C}.Debug|x64.Build.0 = Debug|x64
		{1D3AA44B-DD8E-4CF1-8B64-AEF8909AB06C}.Debug|x86.ActiveCfg = Debug|Win32
		{1D3AA44B-DD8E-4CF1-8B64-AEF8909AB06C}.Debug|x86.Build.0 = Debug|Win32
		{1D3AA44B-DD8E-4CF1-8B64-AEF8909AB06C}.Release|x64.ActiveCfg = Release|x64
		{1D3AA44B-DD8E-4CF1-8B64-AEF8909AB06C}.Release|x64.Build.0 = Release|x64
		{1D3AA44B-DD8E-4CF1-8B64-AEF8909AB06C}.Release|x86.ActiveCfg = Release|Win32
		{1D3AA44B-DD8E-4CF1-8B64-AEF8909AB06C}.Release|x86.Build.0 = Release|Win32
		{701C3EFA-3130-429B-9299-184CA6637542}.Debug|x64.ActiveCfg = Debug|x64
		{701C3EFA-3130-429B-9299-184CA6637542}.Debug|x64.Build.0 = Debug|x64
		{701C3EFA-3130-429B-9299-184CA6637542}.Debug|x86.ActiveCfg = Debug|Win32
		{701C3EFA-3130-429B-9299-184CA6637542}.Debug|x86.Build.0 = Debug|Win32
		{701C3EFA-3130-429B-9299-184CA6637542}.Release|x64.ActiveCfg = Release|x64
		{701C3EFA-3130-429B-9299-184CA6637542}.Release|x64.Build.0 = Release|x64
		{701C3EFA-3130-429B-9299-184CA6637542}.Release|x86.ActiveCfg = Release|Win32
		{701C3EFA-3130-429B-9299-184CA6637542}.Release|x86.Build.0 = Release|Win32
		{BEBDDE34-8591-46B7-BF6A-2E8AB3D56DEB}.Debug|x64.ActiveCfg = Debug|x64
		{BEBDDE34-8591-46B7-BF6A-2E8AB3D56DEB}.Debug|x64.Build.0 = Debug|x64
		{BEBDDE34-8591-46B7-BF6A-2E8AB3D56DEB}.Debug|x86.ActiveCfg = Debug|Win32
		{BEBDDE34-8591-46B7-BF6A-2E8AB3D56DEB}.Debug|x86.Build.0 = Debug|Win32
		{BEBDDE34-8591-46B7-BF6A-2E8AB3D56DEB}.Release|x64.ActiveCfg = Release|x64
		{BEBDDE34-8591-46B7-BF6A-2E8AB3D56DEB}.Release|x64.Build.0 = Release|x64
		{BEBDDE34-8591-46B7-BF6A-2E8AB3D56DEB}.Release|x86.ActiveCfg = Release|Win32
		{BEBDDE34-8591-46B7-BF6A-2E8AB3D56DEB}.Release|x86.Build.0 = Release|Win32
		{73504899-0A49-4A03-BD2B-4A1BDB9D79B2}.Debug|x64.ActiveCfg = Debug|x64
		{73504899-0A49-4A03-BD2B-4A1BDB9D79B2}.Debug|x64.Build.0 = Debug|x64
		{73504899-0A49-4A03-BD2B-4A1BDB9D79B2}.Debug|x86.ActiveCfg = Debug|Win32
		{73504899-0A49-4A03-BD2B-4A1BDB9D79B2}.Debug|x86.Build.0 = Debug|Win32
		{73504899-0A49-4A03-BD2B-4A1BDB9D79B2}.Release|x64.ActiveCfg = Release|x64
		{73504899-0A49-4A03-BD2B-4A1BDB9D79B2}.Release|x64.Build.0 = Release|x64
		{73504899-0A49-4A03-BD2B-4A1BDB9D79B2}.Release|x86.ActiveCfg = Release|Win32
		{73504899-0A49-4A03-BD2B-4A1BDB9D79B2}.Release|x86.Build.0 = Release|Win32
		{85B3D5BF-FFEC-4280-ACA3-E5A3DC5B6ABF}.Debug|x64.ActiveCfg = Debug|x64
		{85B3D5BF-FFEC-4280-ACA3-E5A3DC5B6ABF}.Debug|x64.Build.0 = Debug|x64
		{85B3D5BF-FFEC-4280-ACA3-E5A3DC5B6ABF}.Debug|x86.ActiveCfg = Debug|Win32
		{85B3D5BF-FFEC-4280-ACA3-E5A3DC5B6ABF}.Debug|x86.Build.0 = Debug|Win32
		{85B3D5BF-FFEC-4280-ACA3-E5A3DC5B6ABF}.Release|x64.ActiveCfg = Release|x64
		{85B3D5BF-FFEC-4280-ACA3-E5A3DC5B6ABF}.Release|x64.Build.0 = Release|x64
		{85B3D5BF-FFEC-4280-ACA3-E5A3DC5B6ABF}.Release|x86.ActiveCfg = Release|Win32
		{85B3D5BF-FFEC-4280-ACA3-E5A3DC5B6ABF}.Release|x86.Build.0 = Release|Win32
		{42D9C356-E9D8-429C-B3D5-31CCECFC54EF}.Debug|x64.ActiveCfg = Debug|x64
		{42D9C356-E9D8-429C-B3D5-31CCECFC54EF}.Debug|x64.Build.0 = Debug|x64
		{42D9C356-E9D8-429C-B3D5-31CCECFC54EF}.Debug|x86.ActiveCfg = Debug|Win32
		{42D9C356-E9D8-429C-B3D5-31CCECFC54EF}.Debug|x86.Build.0 = Debug|Win32
		{42D9C356-E9D8-429C-B3D5-31CCECFC54EF}.Release|x64.ActiveCfg = Release|x64
		{42D9C356-E9D8-429C-B3D5-31CCECFC54EF}.Release|x64.Build.0 = Release|x64
		{42D9C356-E9D8-429C-B3D5-31CCECFC54EF}.Release|x86.ActiveCfg = Release|Win32
		{42D9C356-E9D8-429C-B3D5-31CCECFC54EF}.Release|x86.Build.0 = Release|Win32
		{C734B27A-38BD-47D5-9C68-8B1074EE46CC}.Debug|x64.ActiveCfg = Debug|x64
		{C734B27A-38BD-47D5-9C68-8B1074EE46CC}.Debug|x64.Build.0 = Debug|x64
		{C734B27A-38BD-47D5-9C68-8B1074EE46CC}.Debug|x86.ActiveCfg = Debug|Win32
		{C734B27A-38BD-47D5-9C68-8B1074EE46CC}.Debug|x86.Build.0 = Debug|Win32
		{C734B27A-38BD-47D5-9C68-8B1074EE46CC}.Release|x64.ActiveCfg = Release|x64
		{C734B27A-38BD-47D5-9C68-8B1074EE46CC}.Release|x64.Build.0 = Release|x64
		{C734B27A-38BD-47D5-9C68-8B1074EE46CC}.Release|x86.ActiveCfg = Release|Win32
		{C734B27A-38BD-47D5-9C68-8B1074EE46CC}.Release|x86.Build.0 = Release|Win32
		{92253EE1-615E-4A29-BC16-1D87BDCB1C08}.Debug|x64.ActiveCfg = Debug|x64
		{92253EE1-615E-4A29-BC16-1D87BDCB1C08}.Debug|x64.Build.0 = Debug|x64
		{92253EE1-615E-4A29-BC16-1D87BDCB1C08}.Debug|x86.ActiveCfg = Debug|Win32
		{92253EE1-615E-4A29-BC16-1D87BDCB1C08}.Debug|x86.Build.0 = Debug|Win32
		{92253EE1-615E-4A29-BC16-1D87BDCB1C08}.Release|x64.ActiveCfg = Release|x64
		{92253EE1-615E-4A29-BC16-1D87BDCB1C08}.Release|x64.Build.0 = Release|x64
		{92253EE1-615E-4A29-BC16-1D87BDCB1C08}.Release|x86.ActiveCfg = Release|Win32
		{92253EE1-615E-4A29-BC16-1D87BDCB1C08}.Release|x86.Build.0 = Release|Win32
		{E0B15C2C-CEF6-4024-91A7-DF17D5175DF2}.Debug|x64.ActiveCfg = Debug|x64
		{E0B15C2C-CEF6-4024-91A7-DF17D5175DF2}.Debug|x64.Build.0 = Debug|x64
		{E0B15C2C-CEF6-4024-91A7-DF17D5175DF2}.Debug|x86.ActiveCfg = Debug|Win32
		{E0B15C2C-CEF6-4024-91A7-DF17D5175DF2}.Debug|x86.Build.0 = Debug|Win32
		{E0B15C2C-CEF6-4024-91A7-DF17D5175DF2}.Release|x64.ActiveCfg = Release|x64
		{E0B15C2C-CEF6-4024-91A7-DF17D5175DF2}.Release|x64.Build.0 = Release|x64
		{E0B15C2C-CEF6-4024-91A7-DF17D5175DF2}.Release|x86.ActiveCfg = Release|Win32
		{E0B15C2C-CEF6-4024-91A7-DF17D5175DF2}.Release|x86.Build.0 = Release|Win32
		{17A84639-51F3-4374-B2C2-0977CA87499D}.Debug|x64.ActiveCfg = Debug|x64
		{17A84639-51F3-4374-B2C2-0977CA87499D}.Debug|x64.Build.0 = Debug|x64
		{17A84639-51F3-4374-B2C2-0977CA87499D}.Debug|x86.ActiveCfg = Debug|Win32
		{17A84639-51F3-4374-B2C2-0977CA87499D}.Debug|x86.Build.0 = Debug|Win32
		{17A84639-51F3-4374-B2C2-0977CA87499D}.Release|x64.ActiveCfg = Release|x64
		{17A84639-51F3-4374-B2C2-0977CA87499D}.Release|x64.Build.0 = Release|x64
		{17A84639-51F3-4374-B2C2-0977CA87499D}.Release|x86.ActiveCfg = Release|Win32
		{17A84639-51F3-4374-B2C2-0977CA87499D}.Release|x86.Build.0 = Release|Win32
		{8A57C730-2027-4542-934E-4A60F76AFDBA}.Debug|x64.ActiveCfg = Debug|x64
		{8A57C730-2027-4542-934E-4A60F76AFDBA}.Debug|x64.Build.0 = Debug|x64
		{8A57C730-2027-4542-934E-4A60F76AFDBA}.Debug|x86.ActiveCfg = Debug|Win32
		{8A57C730-2027-4542-934E-4A60F76AFDBA}.Debug|x86.Build.0 = Debug|Win32
		{8A57C730-2027-4542-934E-4A60F76AFDBA}.Release|x64.ActiveCfg = Release|x64
		{8A57C730-2027-4542-934E-4A60F76AFDBA}.Release|x64.Build.0 = Release|x64
		{8A57C730-2027-4542-934E-4A60F76AFDBA}.Release|x86.ActiveCfg = Release|Win32
		{8A57C730-2027-4542-934E-4A60F76AFDBA}.Release|x86.Build.0 = Release|Win32
		{F6E915A1-1A0C-405A-BDD5-7A5788691354}.Debug|x64.ActiveCfg = Debug|x64
		{F6E915A1-1A0C-405A-BDD5-7A5788691354}.Debug|x64.Build.0 = Debug|x64
		{F6E915A1-1A0C-405A-BDD5-7A5788691354}.Debug|x86.ActiveCfg = Debug|Win32
		{F6E915A1-1A0C-405A-BDD5-7A5788691354}.Debug|x86.Build.0 = Debug|Win32
		{F6E915A1-1A0C-405A-BDD5-7A5788691354}.Release|x64.ActiveCfg = Release|x64
		{F6E915A1-1A0C-405A-BDD5-7A5788691354}.Release|x64.Build.0 = Release|x64
		{F6E915A1-1A0C-405A-BDD5-7A5788691354}.Release|x86.ActiveCfg = Release|Win32
		{F6E915A1-1A0C-405A-BDD5-7A5788691354}.Release|x86.Build.0 = Release|Win32
		{169D2514-AE23-481F-8D72-481B4A3A89A5}.Debug|x64.ActiveCfg = Debug|x64
		{169D2514-AE23-481F-8D72-481B4A3A89A5}.Debug|x64.Build.0 = Debug|x64
		{169D2514-AE23-481F-8D72-481B4A3A89A5}.Debug|x86.ActiveCfg = Debug|Win32
		{169D2514-AE23-481F-8D72-481B4A3A89A5}.Debug|x86.Build.0 = Debug|Win32
		{169D2514-AE23-481F-8D72-481B4A3A89A5}.Release|x64.ActiveCfg = Release|x64
		{169D2514-AE23-481F-8D72-481B4A3A89A5}.Release|x64.Build.0 = Release|x64
		{169D2514-AE23-481F-8D72-481B4A3A89A5}.Release|x86.ActiveCfg = Release|Win32
		{169D2514-AE23-481F-8D72-481B4A3A89A5}.Release|x86.Build.0 = Release|Win32
		{FAF8AAAE-01C3-447A-8275-CD04D5EB0608}.Debug|x64.ActiveCfg = Debug|x64
		{FAF8AAAE-01C3-447A-8275-CD04D5EB0608}.Debug|x64.Build.0 = Debug|x64
		{FAF8AAAE-01C3-447A-8275-CD04D5EB0608}.Debug|x86.ActiveCfg = Debug|Win32
		{FAF8AAAE-01C3-447A-8275-CD04D5EB0608}.Debug|x86.Build.0 = Debug|Win32
		{FAF8AAAE-01C3-447A-8275-CD04D5EB0608}.Release|x64.ActiveCfg = Release|x64
		{FAF8AAAE-01C3-447A-8275-CD04D5EB0608}.Release|x64.Build.0 = Release|x64
		{FAF8AAAE-01C3-447A-8275-CD04D5EB0608}.Release|x86.ActiveCfg = Release|Win32
		{FAF8AAAE-01C3-447A-8275-CD04D5EB0608}.Release|x86.Build.0 = Release|Win32
		{5F1F3838-C64F-434A-8973-9BB7B310118A}.Debug|x64.ActiveCfg = Debug|x64
		{5F1F3838-C64F-434A-8973-9BB7B310118A}.Debug|x64.Build.0 = Debug|x64
		{5F1F3838-C64F-434A-8973-9BB7B310118A}.Debug|x86.ActiveCfg = Debug|Win32
		{5F1F3838-C64F-434A-8973-9BB7B310118A}.Debug|x86.Build.0 = Debug|Win32
		{5F1F3838-C64F-434A-8973-9BB7B310118A}.Release|x64.ActiveCfg = Release|x64
		{5F1F3838-C64F-434A-8973-9BB7B310118A}.Release|x64.Build.0 = Release|x64
		{5F1F3838-C64F-434A-8973-9BB7B310118A}.Release|x86.ActiveCfg = Release|Win32
		{5F1F3838-C64F-434A-8973-9BB7B310118A}.Release|x86.Build.0 = Release|Win32
		{AD31F856-EA2B-4B7C-AFAA-EC82C4FB1FAA}.Debug|x64.ActiveCfg = Debug|x64
		{AD31F856-EA2B-4B7C-AFAA-EC82C4FB1FAA}.Debug|x64.Build.0 = Debug|x64
		{AD31F856-EA2B-4B7C-AFAA-EC82C4FB1FAA}.Debug|x86.ActiveCfg = Debug|Win32
		{AD31F856-EA2B-4B7C-AFAA-EC82C4FB1FAA}.Debug|x86.Build.0 = Debug|Win32
		{AD31F856-EA2B-4B7C-AFAA-EC82C4FB1FAA}.Release|x64.ActiveCfg = Release|x64
		{AD31F856-EA2B-4B7C-AFAA-EC82C4FB1FAA}.Release|x64.Build.0 = Release|x64
		{AD31F856-EA2B-4B7C-AFAA-EC82C4FB1FAA}.Release|x86.ActiveCfg = Release|Win32
		{AD31F856-EA2B-4B7C-AFAA-EC82C4FB1FAA}.Release|x86.Build.0 = Release|Win32
		{2E4F7D7A-F0DB-45EA-B792-0E04104D5584}.Debug|x64.ActiveCfg = Debug|x64
		{2E4F7D7A-F0DB-45EA-B792-0E04104D5584}.Debug|x64.Build.0 = Debug|x64
		{2E4F7D7A-F0DB-45EA-B792-0E04104D5584}.Debug|x86.ActiveCfg = Debug|Win32
		{2E4F7D7A-F0DB-45EA-B792-0E04104D5584}.Debug|x86.Build.0 = Debug|Win32
		{2E4F7D7A-F0DB-45EA-B792-0E04104D5584}.Release|x64.ActiveCfg = Release|x64
		{2E4F7D7A-F0DB-45EA-B792-0E04104D5584}.Release|x64.Build.0 = Release|x64
		{2E4F7D7A-F0DB-45EA-B792-0E04104D5584}.Release|x86.ActiveCfg = Release|Win32
		{2E4F7D7A-F0DB-45EA-B792-0E04104D5584}.Release|x86.Build.0 = Release|Win32
		{6E62BC1F-DC02-462A-97E1-5BA4AA2BF2D9}.Debug|x64.ActiveCfg = Debug|x64
		{6E62BC1F-DC02-462A-97E1-5BA4AA2BF2D9}.Debug|x64.Build.0 = Debug|x64
		{6E62BC1F-DC02-462A-97E1-5BA4AA2BF2D9}.Debug|x86.ActiveCfg = Debug|Win32
		{6E62BC1F-DC02-462A-97E1-5BA4AA2BF2D9}.Debug|x86.Build.0 = Debug|Win32
		{6E62BC1F-DC02-462A-97E1-5BA4AA2BF2D9}.Release|x64.ActiveCfg = Release|x64
		{6E62BC1F-DC02-462A-97E1-5BA4AA2BF2D9}.Release|x64.Build.0 = Release|x64
		{6E62BC1F-DC02-462A-97E1-5BA4AA2BF2D9}.Release|x86.ActiveCfg = Release|Win32
		{6E62BC1F-DC02-462A-97E1-5BA4AA2BF2D9}.Release|x86.Build.0 = Release|Win32
		{ACEEA99E-FF98-486A-8B70-353D17FC8154}.Debug|x64.ActiveCfg = Debug|x64
		{ACEEA99E-FF98-486A-8B70-353D17FC8154}.Debug|x64.Build.0 = Debug|x64
		{ACEEA99E-FF98-486A-8B70-353D17FC8154}.Debug|x86.ActiveCfg = Debug|Win32
		{ACEEA99E-FF98-486A-8B70-353D17FC8154}.Debug|x86.Build.0 = Debug|Win32
		{ACEEA99E-FF98-486A-8B70-353D17FC8154}.Release|x64.ActiveCfg = Release|x64
		{ACEEA99E-FF98-486A-8B70-353D17FC8154}.Release|x64.Build.0 = Release|x64
		{ACEEA99E-FF98-486A-8B70-353D17FC8154}.Release|x86.ActiveCfg = Release|Win32
		{ACEEA99E-FF98-486A-8B70-353D17FC8154}.Release|x86.Build.0 = Release|Win32
		{9EE184C1-2A98-4E74-83A2-FC10EB66AC5F}.Debug|x64.ActiveCfg = Debug|x64
		{9EE184C1-2A98-4E74-83A2-FC10EB66AC5F}.Debug|x64.Build.0 = Debug|x64
		{9EE184C1-2A98-4E74-83A2-FC10EB66AC5F}.Debug|x86.ActiveCfg = Debug|Win32
		{9EE184C1-2A98-4E74-83A2-FC10EB66AC5F}.Debug|x86.Build.0 = Debug|Win32
		{9EE184C1-2A98-4E74-83A2-FC10EB66AC5F}.Release|x64.ActiveCfg = Release|x64
		{9EE184C1-2A98-4E74-83A2-FC10EB66AC5F}.Release|x64.Build.0 = Release|x64
		{9EE184C1-2A98-4E74-83A2-FC10EB66AC5F}.Release|x86.ActiveCfg = Release|Win32
		{9EE184C1-2A98-4E74-83A2-FC10EB66AC5F}.Release|x86.Build.0 = Release|Win32
		{CD88A856-5562-4389-A29E-E81B6E56391F}.Debug|x64.ActiveCfg = Debug|x64
		{CD88A856-5562-4389-A29E-E81B6E56391F}.Debug|x64.Build.0 = Debug|x64
		{CD88A856-5562-4389-A29E-E81B6E56391F}.Debug|x86.ActiveCfg = Debug|Win32
		{CD88A856-5562-4389-A29E-E81B6E56391F}.Debug|x86.Build.0 = Debug|Win32
		{CD88A856-5562-4389-A29E-E81B6E56391F}.Release|x64.ActiveCfg = Release|x64
		{CD88A856-5562-4389-A29E-E81B6E56391F}.Release|x64.Build.0 = Release|x64
		{CD88A856-5562-4389-A29E-E81B6E56391F}.Release|x86.ActiveCfg = Release|Win32
		{CD88A856-5562-4389-A29E-E81B6E56391F}.Release|x86.Build.0 = Release|Win32
		{F9A59F31-8FAF-4FBD-A035-F7F13B85B405}.Debug|x64.ActiveCfg = Debug|x64
		{F9A59F31-8FAF-4FBD-A035-F7F13B85B405}.Debug|x64.Build.0 = Debug|x64
		{F9A59F31-8FAF-4FBD-A035-F7F13B85B405}.Debug|x86.ActiveCfg = Debug|Win32
		{F9A59F31-8FAF-4FBD-A035-F7F13B85B405}.Debug|x86.Build.0 = Debug|Win32
		{F9A59F31-8FAF-4FBD-A035-F7F13B85B405}.Release|x64.ActiveCfg = Release|x64
		{F9A59F31-8FAF-4FBD-A035-F7F13B85B405}.Release|x64.Build.0 = Release|x64
		{F9A59F31-8FAF-4FBD-A035-F7F13B85B405}.Release|x86.ActiveCfg = Release|Win32
		{F9A59F31-8FAF-4FBD-A035-F7F13B85B405}.Release|x86.Build.0 = Release|Win32
		{30768FF7-B1F6-493D-A8DB-D53AE67E3721}.Debug|x64.ActiveCfg = Debug|x64
		{30768FF7-B1F6-493D-A8DB-D53AE67E3721}.Debug|x64.Build.0 = Debug|x64
		{30768FF7-B1F6-493D-A8DB-D53AE67E3721}.Debug|x86.ActiveCfg = Debug|Win32
		{30768FF7-B1F6-493D-A8DB-D53AE67E3721}.Debug|x86.Build.0 = Debug|Win32
		{30768FF7-B1F6-493D-A8DB-D53AE67E3721}.Release|x64.ActiveCfg = Release|x64
		{30768FF7-B1F6-493D-A8DB-D53AE67E3721}.Release|x64.Build.0 = Release|x64
		{30768FF7-B1F6-493D-A8DB-D53AE67E3721}.Release|x86.ActiveCfg = Release|Win32
		{30768FF7-B1F6-493D-A8DB-D53AE67E3721}.Release|x86.Build.0 = Release|Win32
		{0F602B23-AB31-4C43-AC4D-A4C6E03D6B0A}.Debug|x64.ActiveCfg = Debug|x64
		{0F602B23-AB31-4C43-AC4D-A4C6E03D6B0A}.Debug|x64.Build.0 = Debug|x64
		{0F602B23-AB31-4C43-AC4D-A4C6E03D6B0A}.Debug|x86.ActiveCfg = Debug|Win32
		{0F602B23-AB31-4C43-AC4D-A4C6E03D6B0A}.Debug|x86.Build.0 = Debug|Win32
		{0F602B23-AB31-4C43-AC4D-A4C6E03D6B0A}.Release|x64.ActiveCfg = Release|x64
		{0F602B23-AB31-4C43-AC4D-A4C6E03D6B0A}.Release|x64.Build.0 = Release|x64
		{0F602B23-AB31-4C43-AC4D-A4C6E03D6B0A}.Release|x86.ActiveCfg = Release|Win32
		{0F602B23-AB31-4C43-AC4D-A4C6E03D6B0A}.Release|x86.Build.0 = Release|Win32
		{1F748EEA-77E8-4787-9C8C-CE0AC981BEB7}.Debug|x64.ActiveCfg = Debug|x64
		{1F748EEA-77E8-4787-9C8C-CE0AC981BEB7}.Debug|x64.Build.0 = Debug|x64
		{1F748EEA-77E8-4787-9C8C-CE0AC981BEB7}.Debug|x86.ActiveCfg = Debug|Win32
		{1F748EEA-77E8-4787-9C8C-CE0AC981BEB7}.Debug|x86.Build.0 = Debug|Win32
		{1F748EEA-77E8-4787-9C8C-CE0AC981BEB7}.Release|x64.ActiveCfg = Release|x64
		{1F748EEA-77E8-4787-9C8C-CE0AC981BEB7}.Release|x64.Build.0 = Release|x64
		{1F748EEA-77E8-4787-9C8C-CE0AC981BEB7}.Release|x86.ActiveCfg = Release|Win32
		{1F748EEA-77E8-4787-9C8C-CE0AC981BEB7}.Release|x86.Build.0 = Release|Win32
		{04C08A05-6969-43A5-992E-7826E8622DD6}.Debug|x64.ActiveCfg = Debug|x64
		{04C08A05-6969-43A5-992E-7826E8622DD6}.Debug|x64.Build.0 = Debug|x64
		{04C08A05-6969-43A5-992E-7826E8622DD6}.Debug|x86.ActiveCfg = Debug|Win32
		{04C08A05-6969-43A5-992E-7826E8622DD6}.Debug|x86.Build.0 = Debug|Win32
		{04C08A05-6969-43A5-992E-7826E8622DD6}.Release|x64.ActiveCfg = Release|x64
		{04C08A05-6969-43A5-992E-7826E8622DD6}.Release|x64.Build.0 = Release|x64
		{04C08A05-6969-43A5-992E-7826E8622DD6}.Release|x86.ActiveCfg = Release|Win32
		{04C08A05-6969-43A5-992E-7826E8622DD6}.Release|x86.Build.0 = Release|Win32
		{69DE9B0B-8559-4337-9CA8-5A6CDCD70E9F}.Debug|x64.ActiveCfg = Debug|x64
		{69DE9B0B-8559-4337-9CA8-5A6CDCD70E9F}.Debug|x64.Build.0 = Debug|x64
		{69DE9B0B-8559-4337-9CA8-5A6CDCD70E9F}.Debug|x86.ActiveCfg = Debug|Win32
		{69DE9B0B-8559-4337-9CA8-5A6CDCD70E9F}.Debug|x86.Build.0 = Debug|Win32
		{69DE9B0B-8559-4337-9CA8-5A6CDCD70E9F}.Release|x64.ActiveCfg = Release|x64
		{69DE9B0B-8559-4337-9CA8-5A6CDCD70E9F}.Release|x64.Build.0 = Release|x64
		{69DE9B0B-8559-4337-9CA8-5A6CDCD70E9F}.Release|x86.ActiveCfg = Release|Win32
		{69DE9B0B-8559-4337-9CA8-5A6CDCD70E9F}.Release|x86.Build.0 = Release|Win32
	EndGlobalSection
	GlobalSection(SolutionProperties) = preSolution
		HideSolutionNode = FALSE
	EndGlobalSection
	GlobalSection(ExtensibilityGlobals) = postSolution
		SolutionGuid = {1FE26811-E240-4008-AB19-AD4453BE314B}
	EndGlobalSection
EndGlobal
