
Microsoft Visual Studio Solution File, Format Version 12.00
# Visual Studio Version 16
VisualStudioVersion = 16.0.29728.190
MinimumVisualStudioVersion = 10.0.40219.1
Project("{8BC9CEB8-8B4A-11D0-8D11-00A0C91BC942}") = "1463_1로 만들기", "1463_1로 만들기\1463_1로 만들기.vcxproj", "{368FEED2-22AF-4B05-8FBC-0F9B9834B782}"
EndProject
Project("{8BC9CEB8-8B4A-11D0-8D11-00A0C91BC942}") = "11726_2 X n 타일링", "11726_2 X n 타일링\11726_2 X n 타일링.vcxproj", "{D61152DB-D74F-424C-A38C-0B2CCBF95758}"
EndProject
Project("{8BC9CEB8-8B4A-11D0-8D11-00A0C91BC942}") = "11727_2 X n 타일링 2", "11727_2 X n 타일링 2\2 X n 타일링 2.vcxproj", "{72EE28B5-FC65-48C4-9763-77951C8EA027}"
EndProject
Project("{8BC9CEB8-8B4A-11D0-8D11-00A0C91BC942}") = "9095_1, 2, 3 더하기", "9095_1, 2, 3 더하기\9095_1, 2, 3 더하기.vcxproj", "{C41E3A8B-4D3B-43C4-B02F-83BD48434CE8}"
EndProject
Project("{8BC9CEB8-8B4A-11D0-8D11-00A0C91BC942}") = "11052_카드 구매하기", "11052_카드 구매하기\11052_카드 구매하기.vcxproj", "{D2FE115C-EA60-4777-B07A-490385032D3A}"
EndProject
Project("{8BC9CEB8-8B4A-11D0-8D11-00A0C91BC942}") = "16194_카드 구매하기 2", "16194_카드 구매하기 2\16194_카드 구매하기 2.vcxproj", "{EE713122-5852-427E-B46C-94EB9EF006B5}"
EndProject
Project("{8BC9CEB8-8B4A-11D0-8D11-00A0C91BC942}") = "15990_1, 2, 3 더하기 5", "15990_1, 2, 3 더하기 5\15990_1, 2, 3 더하기 5.vcxproj", "{1EAA464C-4103-46A4-8EC6-E2BBF5909375}"
EndProject
Project("{8BC9CEB8-8B4A-11D0-8D11-00A0C91BC942}") = "10844_쉬운 계단 수", "10844_쉬운 계단 수\10844_쉬운 계단 수.vcxproj", "{FA56477B-640D-4F6E-A665-C62B567AEAAD}"
EndProject
Project("{8BC9CEB8-8B4A-11D0-8D11-00A0C91BC942}") = "2193_이친수", "2193_이친수\2193_이친수.vcxproj", "{1D3AA44B-DD8E-4CF1-8B64-AEF8909AB06C}"
EndProject
Global
	GlobalSection(SolutionConfigurationPlatforms) = preSolution
		Debug|x64 = Debug|x64
		Debug|x86 = Debug|x86
		Release|x64 = Release|x64
		Release|x86 = Release|x86
	EndGlobalSection
	GlobalSection(ProjectConfigurationPlatforms) = postSolution
		{368FEED2-22AF-4B05-8FBC-0F9B9834B782}.Debug|x64.ActiveCfg = Debug|x64
		{368FEED2-22AF-4B05-8FBC-0F9B9834B782}.Debug|x64.Build.0 = Debug|x64
		{368FEED2-22AF-4B05-8FBC-0F9B9834B782}.Debug|x86.ActiveCfg = Debug|Win32
		{368FEED2-22AF-4B05-8FBC-0F9B9834B782}.Debug|x86.Build.0 = Debug|Win32
		{368FEED2-22AF-4B05-8FBC-0F9B9834B782}.Release|x64.ActiveCfg = Release|x64
		{368FEED2-22AF-4B05-8FBC-0F9B9834B782}.Release|x64.Build.0 = Release|x64
		{368FEED2-22AF-4B05-8FBC-0F9B9834B782}.Release|x86.ActiveCfg = Release|Win32
		{368FEED2-22AF-4B05-8FBC-0F9B9834B782}.Release|x86.Build.0 = Release|Win32
		{D61152DB-D74F-424C-A38C-0B2CCBF95758}.Debug|x64.ActiveCfg = Debug|x64
		{D61152DB-D74F-424C-A38C-0B2CCBF95758}.Debug|x64.Build.0 = Debug|x64
		{D61152DB-D74F-424C-A38C-0B2CCBF95758}.Debug|x86.ActiveCfg = Debug|Win32
		{D61152DB-D74F-424C-A38C-0B2CCBF95758}.Debug|x86.Build.0 = Debug|Win32
		{D61152DB-D74F-424C-A38C-0B2CCBF95758}.Release|x64.ActiveCfg = Release|x64
		{D61152DB-D74F-424C-A38C-0B2CCBF95758}.Release|x64.Build.0 = Release|x64
		{D61152DB-D74F-424C-A38C-0B2CCBF95758}.Release|x86.ActiveCfg = Release|Win32
		{D61152DB-D74F-424C-A38C-0B2CCBF95758}.Release|x86.Build.0 = Release|Win32
		{72EE28B5-FC65-48C4-9763-77951C8EA027}.Debug|x64.ActiveCfg = Debug|x64
		{72EE28B5-FC65-48C4-9763-77951C8EA027}.Debug|x64.Build.0 = Debug|x64
		{72EE28B5-FC65-48C4-9763-77951C8EA027}.Debug|x86.ActiveCfg = Debug|Win32
		{72EE28B5-FC65-48C4-9763-77951C8EA027}.Debug|x86.Build.0 = Debug|Win32
		{72EE28B5-FC65-48C4-9763-77951C8EA027}.Release|x64.ActiveCfg = Release|x64
		{72EE28B5-FC65-48C4-9763-77951C8EA027}.Release|x64.Build.0 = Release|x64
		{72EE28B5-FC65-48C4-9763-77951C8EA027}.Release|x86.ActiveCfg = Release|Win32
		{72EE28B5-FC65-48C4-9763-77951C8EA027}.Release|x86.Build.0 = Release|Win32
		{C41E3A8B-4D3B-43C4-B02F-83BD48434CE8}.Debug|x64.ActiveCfg = Debug|x64
		{C41E3A8B-4D3B-43C4-B02F-83BD48434CE8}.Debug|x64.Build.0 = Debug|x64
		{C41E3A8B-4D3B-43C4-B02F-83BD48434CE8}.Debug|x86.ActiveCfg = Debug|Win32
		{C41E3A8B-4D3B-43C4-B02F-83BD48434CE8}.Debug|x86.Build.0 = Debug|Win32
		{C41E3A8B-4D3B-43C4-B02F-83BD48434CE8}.Release|x64.ActiveCfg = Release|x64
		{C41E3A8B-4D3B-43C4-B02F-83BD48434CE8}.Release|x64.Build.0 = Release|x64
		{C41E3A8B-4D3B-43C4-B02F-83BD48434CE8}.Release|x86.ActiveCfg = Release|Win32
		{C41E3A8B-4D3B-43C4-B02F-83BD48434CE8}.Release|x86.Build.0 = Release|Win32
		{D2FE115C-EA60-4777-B07A-490385032D3A}.Debug|x64.ActiveCfg = Debug|x64
		{D2FE115C-EA60-4777-B07A-490385032D3A}.Debug|x64.Build.0 = Debug|x64
		{D2FE115C-EA60-4777-B07A-490385032D3A}.Debug|x86.ActiveCfg = Debug|Win32
		{D2FE115C-EA60-4777-B07A-490385032D3A}.Debug|x86.Build.0 = Debug|Win32
		{D2FE115C-EA60-4777-B07A-490385032D3A}.Release|x64.ActiveCfg = Release|x64
		{D2FE115C-EA60-4777-B07A-490385032D3A}.Release|x64.Build.0 = Release|x64
		{D2FE115C-EA60-4777-B07A-490385032D3A}.Release|x86.ActiveCfg = Release|Win32
		{D2FE115C-EA60-4777-B07A-490385032D3A}.Release|x86.Build.0 = Release|Win32
		{EE713122-5852-427E-B46C-94EB9EF006B5}.Debug|x64.ActiveCfg = Debug|x64
		{EE713122-5852-427E-B46C-94EB9EF006B5}.Debug|x64.Build.0 = Debug|x64
		{EE713122-5852-427E-B46C-94EB9EF006B5}.Debug|x86.ActiveCfg = Debug|Win32
		{EE713122-5852-427E-B46C-94EB9EF006B5}.Debug|x86.Build.0 = Debug|Win32
		{EE713122-5852-427E-B46C-94EB9EF006B5}.Release|x64.ActiveCfg = Release|x64
		{EE713122-5852-427E-B46C-94EB9EF006B5}.Release|x64.Build.0 = Release|x64
		{EE713122-5852-427E-B46C-94EB9EF006B5}.Release|x86.ActiveCfg = Release|Win32
		{EE713122-5852-427E-B46C-94EB9EF006B5}.Release|x86.Build.0 = Release|Win32
		{1EAA464C-4103-46A4-8EC6-E2BBF5909375}.Debug|x64.ActiveCfg = Debug|x64
		{1EAA464C-4103-46A4-8EC6-E2BBF5909375}.Debug|x64.Build.0 = Debug|x64
		{1EAA464C-4103-46A4-8EC6-E2BBF5909375}.Debug|x86.ActiveCfg = Debug|Win32
		{1EAA464C-4103-46A4-8EC6-E2BBF5909375}.Debug|x86.Build.0 = Debug|Win32
		{1EAA464C-4103-46A4-8EC6-E2BBF5909375}.Release|x64.ActiveCfg = Release|x64
		{1EAA464C-4103-46A4-8EC6-E2BBF5909375}.Release|x64.Build.0 = Release|x64
		{1EAA464C-4103-46A4-8EC6-E2BBF5909375}.Release|x86.ActiveCfg = Release|Win32
		{1EAA464C-4103-46A4-8EC6-E2BBF5909375}.Release|x86.Build.0 = Release|Win32
		{FA56477B-640D-4F6E-A665-C62B567AEAAD}.Debug|x64.ActiveCfg = Debug|x64
		{FA56477B-640D-4F6E-A665-C62B567AEAAD}.Debug|x64.Build.0 = Debug|x64
		{FA56477B-640D-4F6E-A665-C62B567AEAAD}.Debug|x86.ActiveCfg = Debug|Win32
		{FA56477B-640D-4F6E-A665-C62B567AEAAD}.Debug|x86.Build.0 = Debug|Win32
		{FA56477B-640D-4F6E-A665-C62B567AEAAD}.Release|x64.ActiveCfg = Release|x64
		{FA56477B-640D-4F6E-A665-C62B567AEAAD}.Release|x64.Build.0 = Release|x64
		{FA56477B-640D-4F6E-A665-C62B567AEAAD}.Release|x86.ActiveCfg = Release|Win32
		{FA56477B-640D-4F6E-A665-C62B567AEAAD}.Release|x86.Build.0 = Release|Win32
		{1D3AA44B-DD8E-4CF1-8B64-AEF8909AB06C}.Debug|x64.ActiveCfg = Debug|x64
		{1D3AA44B-DD8E-4CF1-8B64-AEF8909AB06C}.Debug|x64.Build.0 = Debug|x64
		{1D3AA44B-DD8E-4CF1-8B64-AEF8909AB06C}.Debug|x86.ActiveCfg = Debug|Win32
		{1D3AA44B-DD8E-4CF1-8B64-AEF8909AB06C}.Debug|x86.Build.0 = Debug|Win32
		{1D3AA44B-DD8E-4CF1-8B64-AEF8909AB06C}.Release|x64.ActiveCfg = Release|x64
		{1D3AA44B-DD8E-4CF1-8B64-AEF8909AB06C}.Release|x64.Build.0 = Release|x64
		{1D3AA44B-DD8E-4CF1-8B64-AEF8909AB06C}.Release|x86.ActiveCfg = Release|Win32
		{1D3AA44B-DD8E-4CF1-8B64-AEF8909AB06C}.Release|x86.Build.0 = Release|Win32
	EndGlobalSection
	GlobalSection(SolutionProperties) = preSolution
		HideSolutionNode = FALSE
	EndGlobalSection
	GlobalSection(ExtensibilityGlobals) = postSolution
		SolutionGuid = {1FE26811-E240-4008-AB19-AD4453BE314B}
	EndGlobalSection
EndGlobal
