
Microsoft Visual Studio Solution File, Format Version 12.00
# Visual Studio Version 16
VisualStudioVersion = 16.0.29728.190
MinimumVisualStudioVersion = 10.0.40219.1
Project("{8BC9CEB8-8B4A-11D0-8D11-00A0C91BC942}") = "1463_1로 만들기", "1463_1로 만들기\1463_1로 만들기.vcxproj", "{368FEED2-22AF-4B05-8FBC-0F9B9834B782}"
EndProject
Project("{8BC9CEB8-8B4A-11D0-8D11-00A0C91BC942}") = "11726_2 X n 타일링", "11726_2 X n 타일링\11726_2 X n 타일링.vcxproj", "{D61152DB-D74F-424C-A38C-0B2CCBF95758}"
EndProject
Project("{8BC9CEB8-8B4A-11D0-8D11-00A0C91BC942}") = "11727_2 X n 타일링 2", "11727_2 X n 타일링 2\2 X n 타일링 2.vcxproj", "{72EE28B5-FC65-48C4-9763-77951C8EA027}"
EndProject
Project("{8BC9CEB8-8B4A-11D0-8D11-00A0C91BC942}") = "9095_1, 2, 3 더하기", "9095_1, 2, 3 더하기\9095_1, 2, 3 더하기.vcxproj", "{C41E3A8B-4D3B-43C4-B02F-83BD48434CE8}"
EndProject
Project("{8BC9CEB8-8B4A-11D0-8D11-00A0C91BC942}") = "11052_카드 구매하기", "11052_카드 구매하기\11052_카드 구매하기.vcxproj", "{D2FE115C-EA60-4777-B07A-490385032D3A}"
EndProject
Project("{8BC9CEB8-8B4A-11D0-8D11-00A0C91BC942}") = "16194_카드 구매하기 2", "16194_카드 구매하기 2\16194_카드 구매하기 2.vcxproj", "{EE713122-5852-427E-B46C-94EB9EF006B5}"
EndProject
Project("{8BC9CEB8-8B4A-11D0-8D11-00A0C91BC942}") = "15990_1, 2, 3 더하기 5", "15990_1, 2, 3 더하기 5\15990_1, 2, 3 더하기 5.vcxproj", "{1EAA464C-4103-46A4-8EC6-E2BBF5909375}"
EndProject
Project("{8BC9CEB8-8B4A-11D0-8D11-00A0C91BC942}") = "10844_쉬운 계단 수", "10844_쉬운 계단 수\10844_쉬운 계단 수.vcxproj", "{FA56477B-640D-4F6E-A665-C62B567AEAAD}"
EndProject
Project("{8BC9CEB8-8B4A-11D0-8D11-00A0C91BC942}") = "2193_이친수", "2193_이친수\2193_이친수.vcxproj", "{1D3AA44B-DD8E-4CF1-8B64-AEF8909AB06C}"
EndProject
Project("{8BC9CEB8-8B4A-11D0-8D11-00A0C91BC942}") = "11053_가장 긴 증가하는 부분 수열", "11053_가장 긴 증가하는 부분 수열\11053_가장 긴 증가하는 부분 수열.vcxproj", "{701C3EFA-3130-429B-9299-184CA6637542}"
EndProject
Project("{8BC9CEB8-8B4A-11D0-8D11-00A0C91BC942}") = "14002_가장 긴 증가하는 부분 수열 4", "14002_가장 긴 증가하는 부분 수열 4\14002_가장 긴 증가하는 부분 수열 4.vcxproj", "{BEBDDE34-8591-46B7-BF6A-2E8AB3D56DEB}"
EndProject
Project("{8BC9CEB8-8B4A-11D0-8D11-00A0C91BC942}") = "1912_연속합", "1912_연속합\1912_연속합.vcxproj", "{73504899-0A49-4A03-BD2B-4A1BDB9D79B2}"
EndProject
Project("{8BC9CEB8-8B4A-11D0-8D11-00A0C91BC942}") = "1699_제곱수의 합", "1699_제곱수의 합\1699_제곱수의 합.vcxproj", "{85B3D5BF-FFEC-4280-ACA3-E5A3DC5B6ABF}"
EndProject
Project("{8BC9CEB8-8B4A-11D0-8D11-00A0C91BC942}") = "2225_합분해", "2225_합분해\2225_합분해.vcxproj", "{42D9C356-E9D8-429C-B3D5-31CCECFC54EF}"
EndProject
Project("{8BC9CEB8-8B4A-11D0-8D11-00A0C91BC942}") = "11054_가장 긴 바이토닉 부분 수열", "11054_가장 긴 바이토닉 부분 수열\11054_가장 긴 바이토닉 부분 수열.vcxproj", "{C734B27A-38BD-47D5-9C68-8B1074EE46CC}"
EndProject
Global
	GlobalSection(SolutionConfigurationPlatforms) = preSolution
		Debug|x64 = Debug|x64
		Debug|x86 = Debug|x86
		Release|x64 = Release|x64
		Release|x86 = Release|x86
	EndGlobalSection
	GlobalSection(ProjectConfigurationPlatforms) = postSolution
		{368FEED2-22AF-4B05-8FBC-0F9B9834B782}.Debug|x64.ActiveCfg = Debug|x64
		{368FEED2-22AF-4B05-8FBC-0F9B9834B782}.Debug|x64.Build.0 = Debug|x64
		{368FEED2-22AF-4B05-8FBC-0F9B9834B782}.Debug|x86.ActiveCfg = Debug|Win32
		{368FEED2-22AF-4B05-8FBC-0F9B9834B782}.Debug|x86.Build.0 = Debug|Win32
		{368FEED2-22AF-4B05-8FBC-0F9B9834B782}.Release|x64.ActiveCfg = Release|x64
		{368FEED2-22AF-4B05-8FBC-0F9B9834B782}.Release|x64.Build.0 = Release|x64
		{368FEED2-22AF-4B05-8FBC-0F9B9834B782}.Release|x86.ActiveCfg = Release|Win32
		{368FEED2-22AF-4B05-8FBC-0F9B9834B782}.Release|x86.Build.0 = Release|Win32
		{D61152DB-D74F-424C-A38C-0B2CCBF95758}.Debug|x64.ActiveCfg = Debug|x64
		{D61152DB-D74F-424C-A38C-0B2CCBF95758}.Debug|x64.Build.0 = Debug|x64
		{D61152DB-D74F-424C-A38C-0B2CCBF95758}.Debug|x86.ActiveCfg = Debug|Win32
		{D61152DB-D74F-424C-A38C-0B2CCBF95758}.Debug|x86.Build.0 = Debug|Win32
		{D61152DB-D74F-424C-A38C-0B2CCBF95758}.Release|x64.ActiveCfg = Release|x64
		{D61152DB-D74F-424C-A38C-0B2CCBF95758}.Release|x64.Build.0 = Release|x64
		{D61152DB-D74F-424C-A38C-0B2CCBF95758}.Release|x86.ActiveCfg = Release|Win32
		{D61152DB-D74F-424C-A38C-0B2CCBF95758}.Release|x86.Build.0 = Release|Win32
		{72EE28B5-FC65-48C4-9763-77951C8EA027}.Debug|x64.ActiveCfg = Debug|x64
		{72EE28B5-FC65-48C4-9763-77951C8EA027}.Debug|x64.Build.0 = Debug|x64
		{72EE28B5-FC65-48C4-9763-77951C8EA027}.Debug|x86.ActiveCfg = Debug|Win32
		{72EE28B5-FC65-48C4-9763-77951C8EA027}.Debug|x86.Build.0 = Debug|Win32
		{72EE28B5-FC65-48C4-9763-77951C8EA027}.Release|x64.ActiveCfg = Release|x64
		{72EE28B5-FC65-48C4-9763-77951C8EA027}.Release|x64.Build.0 = Release|x64
		{72EE28B5-FC65-48C4-9763-77951C8EA027}.Release|x86.ActiveCfg = Release|Win32
		{72EE28B5-FC65-48C4-9763-77951C8EA027}.Release|x86.Build.0 = Release|Win32
		{C41E3A8B-4D3B-43C4-B02F-83BD48434CE8}.Debug|x64.ActiveCfg = Debug|x64
		{C41E3A8B-4D3B-43C4-B02F-83BD48434CE8}.Debug|x64.Build.0 = Debug|x64
		{C41E3A8B-4D3B-43C4-B02F-83BD48434CE8}.Debug|x86.ActiveCfg = Debug|Win32
		{C41E3A8B-4D3B-43C4-B02F-83BD48434CE8}.Debug|x86.Build.0 = Debug|Win32
		{C41E3A8B-4D3B-43C4-B02F-83BD48434CE8}.Release|x64.ActiveCfg = Release|x64
		{C41E3A8B-4D3B-43C4-B02F-83BD48434CE8}.Release|x64.Build.0 = Release|x64
		{C41E3A8B-4D3B-43C4-B02F-83BD48434CE8}.Release|x86.ActiveCfg = Release|Win32
		{C41E3A8B-4D3B-43C4-B02F-83BD48434CE8}.Release|x86.Build.0 = Release|Win32
		{D2FE115C-EA60-4777-B07A-490385032D3A}.Debug|x64.ActiveCfg = Debug|x64
		{D2FE115C-EA60-4777-B07A-490385032D3A}.Debug|x64.Build.0 = Debug|x64
		{D2FE115C-EA60-4777-B07A-490385032D3A}.Debug|x86.ActiveCfg = Debug|Win32
		{D2FE115C-EA60-4777-B07A-490385032D3A}.Debug|x86.Build.0 = Debug|Win32
		{D2FE115C-EA60-4777-B07A-490385032D3A}.Release|x64.ActiveCfg = Release|x64
		{D2FE115C-EA60-4777-B07A-490385032D3A}.Release|x64.Build.0 = Release|x64
		{D2FE115C-EA60-4777-B07A-490385032D3A}.Release|x86.ActiveCfg = Release|Win32
		{D2FE115C-EA60-4777-B07A-490385032D3A}.Release|x86.Build.0 = Release|Win32
		{EE713122-5852-427E-B46C-94EB9EF006B5}.Debug|x64.ActiveCfg = Debug|x64
		{EE713122-5852-427E-B46C-94EB9EF006B5}.Debug|x64.Build.0 = Debug|x64
		{EE713122-5852-427E-B46C-94EB9EF006B5}.Debug|x86.ActiveCfg = Debug|Win32
		{EE713122-5852-427E-B46C-94EB9EF006B5}.Debug|x86.Build.0 = Debug|Win32
		{EE713122-5852-427E-B46C-94EB9EF006B5}.Release|x64.ActiveCfg = Release|x64
		{EE713122-5852-427E-B46C-94EB9EF006B5}.Release|x64.Build.0 = Release|x64
		{EE713122-5852-427E-B46C-94EB9EF006B5}.Release|x86.ActiveCfg = Release|Win32
		{EE713122-5852-427E-B46C-94EB9EF006B5}.Release|x86.Build.0 = Release|Win32
		{1EAA464C-4103-46A4-8EC6-E2BBF5909375}.Debug|x64.ActiveCfg = Debug|x64
		{1EAA464C-4103-46A4-8EC6-E2BBF5909375}.Debug|x64.Build.0 = Debug|x64
		{1EAA464C-4103-46A4-8EC6-E2BBF5909375}.Debug|x86.ActiveCfg = Debug|Win32
		{1EAA464C-4103-46A4-8EC6-E2BBF5909375}.Debug|x86.Build.0 = Debug|Win32
		{1EAA464C-4103-46A4-8EC6-E2BBF5909375}.Release|x64.ActiveCfg = Release|x64
		{1EAA464C-4103-46A4-8EC6-E2BBF5909375}.Release|x64.Build.0 = Release|x64
		{1EAA464C-4103-46A4-8EC6-E2BBF5909375}.Release|x86.ActiveCfg = Release|Win32
		{1EAA464C-4103-46A4-8EC6-E2BBF5909375}.Release|x86.Build.0 = Release|Win32
		{FA56477B-640D-4F6E-A665-C62B567AEAAD}.Debug|x64.ActiveCfg = Debug|x64
		{FA56477B-640D-4F6E-A665-C62B567AEAAD}.Debug|x64.Build.0 = Debug|x64
		{FA56477B-640D-4F6E-A665-C62B567AEAAD}.Debug|x86.ActiveCfg = Debug|Win32
		{FA56477B-640D-4F6E-A665-C62B567AEAAD}.Debug|x86.Build.0 = Debug|Win32
		{FA56477B-640D-4F6E-A665-C62B567AEAAD}.Release|x64.ActiveCfg = Release|x64
		{FA56477B-640D-4F6E-A665-C62B567AEAAD}.Release|x64.Build.0 = Release|x64
		{FA56477B-640D-4F6E-A665-C62B567AEAAD}.Release|x86.ActiveCfg = Release|Win32
		{FA56477B-640D-4F6E-A665-C62B567AEAAD}.Release|x86.Build.0 = Release|Win32
		{1D3AA44B-DD8E-4CF1-8B64-AEF8909AB06C}.Debug|x64.ActiveCfg = Debug|x64
		{1D3AA44B-DD8E-4CF1-8B64-AEF8909AB06C}.Debug|x64.Build.0 = Debug|x64
		{1D3AA44B-DD8E-4CF1-8B64-AEF8909AB06C}.Debug|x86.ActiveCfg = Debug|Win32
		{1D3AA44B-DD8E-4CF1-8B64-AEF8909AB06C}.Debug|x86.Build.0 = Debug|Win32
		{1D3AA44B-DD8E-4CF1-8B64-AEF8909AB06C}.Release|x64.ActiveCfg = Release|x64
		{1D3AA44B-DD8E-4CF1-8B64-AEF8909AB06C}.Release|x64.Build.0 = Release|x64
		{1D3AA44B-DD8E-4CF1-8B64-AEF8909AB06C}.Release|x86.ActiveCfg = Release|Win32
		{1D3AA44B-DD8E-4CF1-8B64-AEF8909AB06C}.Release|x86.Build.0 = Release|Win32
		{701C3EFA-3130-429B-9299-184CA6637542}.Debug|x64.ActiveCfg = Debug|x64
		{701C3EFA-3130-429B-9299-184CA6637542}.Debug|x64.Build.0 = Debug|x64
		{701C3EFA-3130-429B-9299-184CA6637542}.Debug|x86.ActiveCfg = Debug|Win32
		{701C3EFA-3130-429B-9299-184CA6637542}.Debug|x86.Build.0 = Debug|Win32
		{701C3EFA-3130-429B-9299-184CA6637542}.Release|x64.ActiveCfg = Release|x64
		{701C3EFA-3130-429B-9299-184CA6637542}.Release|x64.Build.0 = Release|x64
		{701C3EFA-3130-429B-9299-184CA6637542}.Release|x86.ActiveCfg = Release|Win32
		{701C3EFA-3130-429B-9299-184CA6637542}.Release|x86.Build.0 = Release|Win32
		{BEBDDE34-8591-46B7-BF6A-2E8AB3D56DEB}.Debug|x64.ActiveCfg = Debug|x64
		{BEBDDE34-8591-46B7-BF6A-2E8AB3D56DEB}.Debug|x64.Build.0 = Debug|x64
		{BEBDDE34-8591-46B7-BF6A-2E8AB3D56DEB}.Debug|x86.ActiveCfg = Debug|Win32
		{BEBDDE34-8591-46B7-BF6A-2E8AB3D56DEB}.Debug|x86.Build.0 = Debug|Win32
		{BEBDDE34-8591-46B7-BF6A-2E8AB3D56DEB}.Release|x64.ActiveCfg = Release|x64
		{BEBDDE34-8591-46B7-BF6A-2E8AB3D56DEB}.Release|x64.Build.0 = Release|x64
		{BEBDDE34-8591-46B7-BF6A-2E8AB3D56DEB}.Release|x86.ActiveCfg = Release|Win32
		{BEBDDE34-8591-46B7-BF6A-2E8AB3D56DEB}.Release|x86.Build.0 = Release|Win32
		{73504899-0A49-4A03-BD2B-4A1BDB9D79B2}.Debug|x64.ActiveCfg = Debug|x64
		{73504899-0A49-4A03-BD2B-4A1BDB9D79B2}.Debug|x64.Build.0 = Debug|x64
		{73504899-0A49-4A03-BD2B-4A1BDB9D79B2}.Debug|x86.ActiveCfg = Debug|Win32
		{73504899-0A49-4A03-BD2B-4A1BDB9D79B2}.Debug|x86.Build.0 = Debug|Win32
		{73504899-0A49-4A03-BD2B-4A1BDB9D79B2}.Release|x64.ActiveCfg = Release|x64
		{73504899-0A49-4A03-BD2B-4A1BDB9D79B2}.Release|x64.Build.0 = Release|x64
		{73504899-0A49-4A03-BD2B-4A1BDB9D79B2}.Release|x86.ActiveCfg = Release|Win32
		{73504899-0A49-4A03-BD2B-4A1BDB9D79B2}.Release|x86.Build.0 = Release|Win32
		{85B3D5BF-FFEC-4280-ACA3-E5A3DC5B6ABF}.Debug|x64.ActiveCfg = Debug|x64
		{85B3D5BF-FFEC-4280-ACA3-E5A3DC5B6ABF}.Debug|x64.Build.0 = Debug|x64
		{85B3D5BF-FFEC-4280-ACA3-E5A3DC5B6ABF}.Debug|x86.ActiveCfg = Debug|Win32
		{85B3D5BF-FFEC-4280-ACA3-E5A3DC5B6ABF}.Debug|x86.Build.0 = Debug|Win32
		{85B3D5BF-FFEC-4280-ACA3-E5A3DC5B6ABF}.Release|x64.ActiveCfg = Release|x64
		{85B3D5BF-FFEC-4280-ACA3-E5A3DC5B6ABF}.Release|x64.Build.0 = Release|x64
		{85B3D5BF-FFEC-4280-ACA3-E5A3DC5B6ABF}.Release|x86.ActiveCfg = Release|Win32
		{85B3D5BF-FFEC-4280-ACA3-E5A3DC5B6ABF}.Release|x86.Build.0 = Release|Win32
		{42D9C356-E9D8-429C-B3D5-31CCECFC54EF}.Debug|x64.ActiveCfg = Debug|x64
		{42D9C356-E9D8-429C-B3D5-31CCECFC54EF}.Debug|x64.Build.0 = Debug|x64
		{42D9C356-E9D8-429C-B3D5-31CCECFC54EF}.Debug|x86.ActiveCfg = Debug|Win32
		{42D9C356-E9D8-429C-B3D5-31CCECFC54EF}.Debug|x86.Build.0 = Debug|Win32
		{42D9C356-E9D8-429C-B3D5-31CCECFC54EF}.Release|x64.ActiveCfg = Release|x64
		{42D9C356-E9D8-429C-B3D5-31CCECFC54EF}.Release|x64.Build.0 = Release|x64
		{42D9C356-E9D8-429C-B3D5-31CCECFC54EF}.Release|x86.ActiveCfg = Release|Win32
		{42D9C356-E9D8-429C-B3D5-31CCECFC54EF}.Release|x86.Build.0 = Release|Win32
		{C734B27A-38BD-47D5-9C68-8B1074EE46CC}.Debug|x64.ActiveCfg = Debug|x64
		{C734B27A-38BD-47D5-9C68-8B1074EE46CC}.Debug|x64.Build.0 = Debug|x64
		{C734B27A-38BD-47D5-9C68-8B1074EE46CC}.Debug|x86.ActiveCfg = Debug|Win32
		{C734B27A-38BD-47D5-9C68-8B1074EE46CC}.Debug|x86.Build.0 = Debug|Win32
		{C734B27A-38BD-47D5-9C68-8B1074EE46CC}.Release|x64.ActiveCfg = Release|x64
		{C734B27A-38BD-47D5-9C68-8B1074EE46CC}.Release|x64.Build.0 = Release|x64
		{C734B27A-38BD-47D5-9C68-8B1074EE46CC}.Release|x86.ActiveCfg = Release|Win32
		{C734B27A-38BD-47D5-9C68-8B1074EE46CC}.Release|x86.Build.0 = Release|Win32
	EndGlobalSection
	GlobalSection(SolutionProperties) = preSolution
		HideSolutionNode = FALSE
	EndGlobalSection
	GlobalSection(ExtensibilityGlobals) = postSolution
		SolutionGuid = {1FE26811-E240-4008-AB19-AD4453BE314B}
	EndGlobalSection
EndGlobal
